
Microsoft Visual Studio Solution File, Format Version 12.00
# Visual Studio Version 17
VisualStudioVersion = 17.0.32112.339
MinimumVisualStudioVersion = 10.0.40219.1
Project("{9A19103F-16F7-4668-BE54-9A1E7A4F7556}") = "ConsoleApp1", "ConsoleApp1\ConsoleApp1.csproj", "{63124948-1806-4483-B461-BB359F759831}"
EndProject
Project("{9A19103F-16F7-4668-BE54-9A1E7A4F7556}") = "lesson-data-types", "lesson-data-types\lesson-data-types.csproj", "{DF00D097-8403-451A-A22D-61BCDC637A69}"
EndProject
Project("{9A19103F-16F7-4668-BE54-9A1E7A4F7556}") = "lesson-3-condition-loop", "lesson-3-condition-loop\lesson-3-condition-loop.csproj", "{E8C23C79-9A6F-4F45-8BF1-BF2755CF85B1}"
EndProject
Project("{9A19103F-16F7-4668-BE54-9A1E7A4F7556}") = "HomeworkTest", "HomeworkTest\HomeworkTest.csproj", "{78682365-02D6-4D81-8B3C-981D4F1BEEAE}"
EndProject
Project("{9A19103F-16F7-4668-BE54-9A1E7A4F7556}") = "homework-3-condition-loop", "homework-3-condition-loop\homework-3-condition-loop.csproj", "{3CE8A671-E366-49AF-AE54-1FA0F1401E3D}"
EndProject
Project("{9A19103F-16F7-4668-BE54-9A1E7A4F7556}") = "lesson-4-methods", "lesson-4-methods\lesson-4-methods.csproj", "{B6E77630-A875-4C84-B99A-0D6D6741B914}"
EndProject
Project("{9A19103F-16F7-4668-BE54-9A1E7A4F7556}") = "homework-4-methods", "homework-4-methods\homework-4-methods.csproj", "{E6BCC42E-62BE-46D4-B123-26344E8D3DEA}"
EndProject
Project("{9A19103F-16F7-4668-BE54-9A1E7A4F7556}") = "lesson-6-arrays", "lesson-6-arrays\lesson-6-arrays.csproj", "{3ED4A6DC-57E8-492B-8A27-A8DE2AA5C700}"
EndProject
Project("{9A19103F-16F7-4668-BE54-9A1E7A4F7556}") = "homework-6-arrays", "homework-6-arrays\homework-6-arrays.csproj", "{2AAADF96-31E8-4351-AA7E-3D7650629C32}"
EndProject
Project("{9A19103F-16F7-4668-BE54-9A1E7A4F7556}") = "lesson-7-strings", "lesson-7-strings\lesson-7-strings.csproj", "{7F6B1ADD-5D80-4BF1-85DF-0A069D7CEF6B}"
EndProject
Project("{9A19103F-16F7-4668-BE54-9A1E7A4F7556}") = "lesson-8-text", "lesson-8-text\lesson-8-text.csproj", "{3073B60E-F429-4638-A0CE-65864388B6AB}"
EndProject
Project("{9A19103F-16F7-4668-BE54-9A1E7A4F7556}") = "homework-7-strings", "homework-7-strings\homework-7-strings.csproj", "{91E40C02-2F69-4321-B308-F8811C7C58E8}"
EndProject
Project("{9A19103F-16F7-4668-BE54-9A1E7A4F7556}") = "lesson-10-oop", "lesson-10-oop\lesson-10-oop.csproj", "{43541977-637F-4864-A456-B95F00E701DD}"
EndProject
Project("{FAE04EC0-301F-11D3-BF4B-00C04F79EFBC}") = "homework-12-inheritance,polymorphism", "homework-12-inheritance,polymorphism\homework-12-inheritance,polymorphism.csproj", "{BEE5395E-9777-4742-9108-F3D990E8DDCC}"
EndProject
Global
	GlobalSection(SolutionConfigurationPlatforms) = preSolution
		Debug|Any CPU = Debug|Any CPU
		Release|Any CPU = Release|Any CPU
	EndGlobalSection
	GlobalSection(ProjectConfigurationPlatforms) = postSolution
		{63124948-1806-4483-B461-BB359F759831}.Debug|Any CPU.ActiveCfg = Debug|Any CPU
		{63124948-1806-4483-B461-BB359F759831}.Debug|Any CPU.Build.0 = Debug|Any CPU
		{63124948-1806-4483-B461-BB359F759831}.Release|Any CPU.ActiveCfg = Release|Any CPU
		{63124948-1806-4483-B461-BB359F759831}.Release|Any CPU.Build.0 = Release|Any CPU
		{DF00D097-8403-451A-A22D-61BCDC637A69}.Debug|Any CPU.ActiveCfg = Debug|Any CPU
		{DF00D097-8403-451A-A22D-61BCDC637A69}.Debug|Any CPU.Build.0 = Debug|Any CPU
		{DF00D097-8403-451A-A22D-61BCDC637A69}.Release|Any CPU.ActiveCfg = Release|Any CPU
		{DF00D097-8403-451A-A22D-61BCDC637A69}.Release|Any CPU.Build.0 = Release|Any CPU
		{E8C23C79-9A6F-4F45-8BF1-BF2755CF85B1}.Debug|Any CPU.ActiveCfg = Debug|Any CPU
		{E8C23C79-9A6F-4F45-8BF1-BF2755CF85B1}.Debug|Any CPU.Build.0 = Debug|Any CPU
		{E8C23C79-9A6F-4F45-8BF1-BF2755CF85B1}.Release|Any CPU.ActiveCfg = Release|Any CPU
		{E8C23C79-9A6F-4F45-8BF1-BF2755CF85B1}.Release|Any CPU.Build.0 = Release|Any CPU
		{78682365-02D6-4D81-8B3C-981D4F1BEEAE}.Debug|Any CPU.ActiveCfg = Debug|Any CPU
		{78682365-02D6-4D81-8B3C-981D4F1BEEAE}.Debug|Any CPU.Build.0 = Debug|Any CPU
		{78682365-02D6-4D81-8B3C-981D4F1BEEAE}.Release|Any CPU.ActiveCfg = Release|Any CPU
		{78682365-02D6-4D81-8B3C-981D4F1BEEAE}.Release|Any CPU.Build.0 = Release|Any CPU
		{3CE8A671-E366-49AF-AE54-1FA0F1401E3D}.Debug|Any CPU.ActiveCfg = Debug|Any CPU
		{3CE8A671-E366-49AF-AE54-1FA0F1401E3D}.Debug|Any CPU.Build.0 = Debug|Any CPU
		{3CE8A671-E366-49AF-AE54-1FA0F1401E3D}.Release|Any CPU.ActiveCfg = Release|Any CPU
		{3CE8A671-E366-49AF-AE54-1FA0F1401E3D}.Release|Any CPU.Build.0 = Release|Any CPU
		{B6E77630-A875-4C84-B99A-0D6D6741B914}.Debug|Any CPU.ActiveCfg = Debug|Any CPU
		{B6E77630-A875-4C84-B99A-0D6D6741B914}.Debug|Any CPU.Build.0 = Debug|Any CPU
		{B6E77630-A875-4C84-B99A-0D6D6741B914}.Release|Any CPU.ActiveCfg = Release|Any CPU
		{B6E77630-A875-4C84-B99A-0D6D6741B914}.Release|Any CPU.Build.0 = Release|Any CPU
		{E6BCC42E-62BE-46D4-B123-26344E8D3DEA}.Debug|Any CPU.ActiveCfg = Debug|Any CPU
		{E6BCC42E-62BE-46D4-B123-26344E8D3DEA}.Debug|Any CPU.Build.0 = Debug|Any CPU
		{E6BCC42E-62BE-46D4-B123-26344E8D3DEA}.Release|Any CPU.ActiveCfg = Release|Any CPU
		{E6BCC42E-62BE-46D4-B123-26344E8D3DEA}.Release|Any CPU.Build.0 = Release|Any CPU
		{3ED4A6DC-57E8-492B-8A27-A8DE2AA5C700}.Debug|Any CPU.ActiveCfg = Debug|Any CPU
		{3ED4A6DC-57E8-492B-8A27-A8DE2AA5C700}.Debug|Any CPU.Build.0 = Debug|Any CPU
		{3ED4A6DC-57E8-492B-8A27-A8DE2AA5C700}.Release|Any CPU.ActiveCfg = Release|Any CPU
		{3ED4A6DC-57E8-492B-8A27-A8DE2AA5C700}.Release|Any CPU.Build.0 = Release|Any CPU
		{2AAADF96-31E8-4351-AA7E-3D7650629C32}.Debug|Any CPU.ActiveCfg = Debug|Any CPU
		{2AAADF96-31E8-4351-AA7E-3D7650629C32}.Debug|Any CPU.Build.0 = Debug|Any CPU
		{2AAADF96-31E8-4351-AA7E-3D7650629C32}.Release|Any CPU.ActiveCfg = Release|Any CPU
		{2AAADF96-31E8-4351-AA7E-3D7650629C32}.Release|Any CPU.Build.0 = Release|Any CPU
		{7F6B1ADD-5D80-4BF1-85DF-0A069D7CEF6B}.Debug|Any CPU.ActiveCfg = Debug|Any CPU
		{7F6B1ADD-5D80-4BF1-85DF-0A069D7CEF6B}.Debug|Any CPU.Build.0 = Debug|Any CPU
		{7F6B1ADD-5D80-4BF1-85DF-0A069D7CEF6B}.Release|Any CPU.ActiveCfg = Release|Any CPU
		{7F6B1ADD-5D80-4BF1-85DF-0A069D7CEF6B}.Release|Any CPU.Build.0 = Release|Any CPU
		{3073B60E-F429-4638-A0CE-65864388B6AB}.Debug|Any CPU.ActiveCfg = Debug|Any CPU
		{3073B60E-F429-4638-A0CE-65864388B6AB}.Debug|Any CPU.Build.0 = Debug|Any CPU
		{3073B60E-F429-4638-A0CE-65864388B6AB}.Release|Any CPU.ActiveCfg = Release|Any CPU
		{3073B60E-F429-4638-A0CE-65864388B6AB}.Release|Any CPU.Build.0 = Release|Any CPU
		{91E40C02-2F69-4321-B308-F8811C7C58E8}.Debug|Any CPU.ActiveCfg = Debug|Any CPU
		{91E40C02-2F69-4321-B308-F8811C7C58E8}.Debug|Any CPU.Build.0 = Debug|Any CPU
		{91E40C02-2F69-4321-B308-F8811C7C58E8}.Release|Any CPU.ActiveCfg = Release|Any CPU
		{91E40C02-2F69-4321-B308-F8811C7C58E8}.Release|Any CPU.Build.0 = Release|Any CPU
		{43541977-637F-4864-A456-B95F00E701DD}.Debug|Any CPU.ActiveCfg = Debug|Any CPU
		{43541977-637F-4864-A456-B95F00E701DD}.Debug|Any CPU.Build.0 = Debug|Any CPU
		{43541977-637F-4864-A456-B95F00E701DD}.Release|Any CPU.ActiveCfg = Release|Any CPU
		{43541977-637F-4864-A456-B95F00E701DD}.Release|Any CPU.Build.0 = Release|Any CPU
		{BEE5395E-9777-4742-9108-F3D990E8DDCC}.Debug|Any CPU.ActiveCfg = Debug|Any CPU
		{BEE5395E-9777-4742-9108-F3D990E8DDCC}.Debug|Any CPU.Build.0 = Debug|Any CPU
		{BEE5395E-9777-4742-9108-F3D990E8DDCC}.Release|Any CPU.ActiveCfg = Release|Any CPU
		{BEE5395E-9777-4742-9108-F3D990E8DDCC}.Release|Any CPU.Build.0 = Release|Any CPU
	EndGlobalSection
	GlobalSection(SolutionProperties) = preSolution
		HideSolutionNode = FALSE
	EndGlobalSection
	GlobalSection(ExtensibilityGlobals) = postSolution
		SolutionGuid = {ACC46C78-4030-412D-AFCA-13097CA4C526}
	EndGlobalSection
EndGlobal
